{
  "requires": true,
  "lockfileVersion": 1,
  "dependencies": {
    "@microlink/mql": {
      "version": "0.6.15",
      "resolved": "https://registry.npmjs.org/@microlink/mql/-/mql-0.6.15.tgz",
      "integrity": "sha512-2gGyZAv31QCN8AXlJwRsFh1YT/eAcXmjsZNDZbxx9QDGqZZu/4umvKMPbXTrg1UAk/lOh2h9gM2BTjFxxT8fbg==",
      "requires": {
        "flat": "~5.0.0",
        "got": "~11.1.4",
        "is-url-http": "~2.1.2",
        "ky": "~0.20.0",
        "ky-universal": "~0.6.0",
        "qss": "~2.0.3",
        "whoops": "~4.1.0"
      }
    },
    "@microlink/react": {
      "version": "5.2.2",
      "resolved": "https://registry.npmjs.org/@microlink/react/-/react-5.2.2.tgz",
      "integrity": "sha512-kRa24wmMaiYTTRrN9SDP0eQUJP8Db0v66G5ypUub/s2M/MOJZP+QyzpJ/4XsW8Vidv1Z2XR6gLo4FTS1fGwm1g==",
      "requires": {
        "@microlink/mql": "~0.6.15",
        "is-localhost-url": "~1.0.3",
        "nanoclamp": "~1.3.3"
      }
    },
    "@sindresorhus/is": {
      "version": "2.1.1",
      "resolved": "https://registry.npmjs.org/@sindresorhus/is/-/is-2.1.1.tgz",
      "integrity": "sha512-/aPsuoj/1Dw/kzhkgz+ES6TxG0zfTMGLwuK2ZG00k/iJzYHTLCE8mVU8EPqEOp/lmxPoq1C1C9RYToRKb2KEfg=="
    },
    "@szmarczak/http-timer": {
      "version": "4.0.5",
      "resolved": "https://registry.npmjs.org/@szmarczak/http-timer/-/http-timer-4.0.5.tgz",
      "integrity": "sha512-PyRA9sm1Yayuj5OIoJ1hGt2YISX45w9WcFbh6ddT0Z/0yaFxOtGLInr4jUfU1EAFVs0Yfyfev4RNwBlUaHdlDQ==",
      "requires": {
        "defer-to-connect": "^2.0.0"
      }
    },
    "@types/cacheable-request": {
      "version": "6.0.1",
      "resolved": "https://registry.npmjs.org/@types/cacheable-request/-/cacheable-request-6.0.1.tgz",
      "integrity": "sha512-ykFq2zmBGOCbpIXtoVbz4SKY5QriWPh3AjyU4G74RYbtt5yOc5OfaY75ftjg7mikMOla1CTGpX3lLbuJh8DTrQ==",
      "requires": {
        "@types/http-cache-semantics": "*",
        "@types/keyv": "*",
        "@types/node": "*",
        "@types/responselike": "*"
      }
    },
    "@types/http-cache-semantics": {
      "version": "4.0.0",
      "resolved": "https://registry.npmjs.org/@types/http-cache-semantics/-/http-cache-semantics-4.0.0.tgz",
      "integrity": "sha512-c3Xy026kOF7QOTn00hbIllV1dLR9hG9NkSrLQgCVs8NF6sBU+VGWjD3wLPhmh1TYAc7ugCFsvHYMN4VcBN1U1A=="
    },
    "@types/keyv": {
      "version": "3.1.1",
      "resolved": "https://registry.npmjs.org/@types/keyv/-/keyv-3.1.1.tgz",
      "integrity": "sha512-MPtoySlAZQ37VoLaPcTHCu1RWJ4llDkULYZIzOYxlhxBqYPB0RsRlmMU0R6tahtFe27mIdkHV+551ZWV4PLmVw==",
      "requires": {
        "@types/node": "*"
      }
    },
    "@types/node": {
      "version": "14.0.1",
      "resolved": "https://registry.npmjs.org/@types/node/-/node-14.0.1.tgz",
      "integrity": "sha512-FAYBGwC+W6F9+huFIDtn43cpy7+SzG+atzRiTfdp3inUKL2hXnd4rG8hylJLIh4+hqrQy1P17kvJByE/z825hA=="
    },
    "@types/responselike": {
      "version": "1.0.0",
      "resolved": "https://registry.npmjs.org/@types/responselike/-/responselike-1.0.0.tgz",
      "integrity": "sha512-85Y2BjiufFzaMIlvJDvTTB8Fxl2xfLo4HgmHzVBz08w4wDePCTjYw66PdrolO0kzli3yam/YCgRufyo1DdQVTA==",
      "requires": {
        "@types/node": "*"
      }
    },
    "abort-controller": {
      "version": "3.0.0",
      "resolved": "https://registry.npmjs.org/abort-controller/-/abort-controller-3.0.0.tgz",
      "integrity": "sha512-h8lQ8tacZYnR3vNQTgibj+tODHI5/+l06Au2Pcriv/Gmet0eaj4TwWH41sO9wnHDiQsEj19q0drzdWdeAHtweg==",
      "requires": {
        "event-target-shim": "^5.0.0"
      }
    },
    "cacheable-lookup": {
      "version": "5.0.3",
      "resolved": "https://registry.npmjs.org/cacheable-lookup/-/cacheable-lookup-5.0.3.tgz",
      "integrity": "sha512-W+JBqF9SWe18A72XFzN/V/CULFzPm7sBXzzR6ekkE+3tLG72wFZrBiBZhrZuDoYexop4PHJVdFAKb/Nj9+tm9w=="
    },
    "cacheable-request": {
      "version": "7.0.1",
      "resolved": "https://registry.npmjs.org/cacheable-request/-/cacheable-request-7.0.1.tgz",
      "integrity": "sha512-lt0mJ6YAnsrBErpTMWeu5kl/tg9xMAWjavYTN6VQXM1A/teBITuNcccXsCxF0tDQQJf9DfAaX5O4e0zp0KlfZw==",
      "requires": {
        "clone-response": "^1.0.2",
        "get-stream": "^5.1.0",
        "http-cache-semantics": "^4.0.0",
        "keyv": "^4.0.0",
        "lowercase-keys": "^2.0.0",
        "normalize-url": "^4.1.0",
        "responselike": "^2.0.0"
      }
    },
    "clean-stack": {
      "version": "2.2.0",
      "resolved": "https://registry.npmjs.org/clean-stack/-/clean-stack-2.2.0.tgz",
      "integrity": "sha512-4diC9HaTE+KRAMWhDhrGOECgWZxoevMc5TlkObMqNSsVU62PYzXZ/SMTjzyGAFF1YusgxGcSWTEXBhp0CPwQ1A=="
    },
    "clone-response": {
      "version": "1.0.2",
      "resolved": "https://registry.npmjs.org/clone-response/-/clone-response-1.0.2.tgz",
      "integrity": "sha1-0dyXOSAxTfZ/vrlCI7TuNQI56Ws=",
      "requires": {
        "mimic-response": "^1.0.0"
      }
    },
    "decompress-response": {
      "version": "6.0.0",
      "resolved": "https://registry.npmjs.org/decompress-response/-/decompress-response-6.0.0.tgz",
      "integrity": "sha512-aW35yZM6Bb/4oJlZncMH2LCoZtJXTRxES17vE3hoRiowU2kWHaJKFkSBDnDR+cm9J+9QhXmREyIfv0pji9ejCQ==",
      "requires": {
        "mimic-response": "^3.1.0"
      },
      "dependencies": {
        "mimic-response": {
          "version": "3.1.0",
          "resolved": "https://registry.npmjs.org/mimic-response/-/mimic-response-3.1.0.tgz",
          "integrity": "sha512-z0yWI+4FDrrweS8Zmt4Ej5HdJmky15+L2e6Wgn3+iK5fWzb6T3fhNFq2+MeTRb064c6Wr4N/wv0DzQTjNzHNGQ=="
        }
      }
    },
    "defer-to-connect": {
      "version": "2.0.0",
      "resolved": "https://registry.npmjs.org/defer-to-connect/-/defer-to-connect-2.0.0.tgz",
      "integrity": "sha512-bYL2d05vOSf1JEZNx5vSAtPuBMkX8K9EUutg7zlKvTqKXHt7RhWJFbmd7qakVuf13i+IkGmp6FwSsONOf6VYIg=="
    },
    "end-of-stream": {
      "version": "1.4.4",
      "resolved": "https://registry.npmjs.org/end-of-stream/-/end-of-stream-1.4.4.tgz",
      "integrity": "sha512-+uw1inIHVPQoaVuHzRyXd21icM+cnt4CzD5rW+NC1wjOUSTOs+Te7FOv7AhN7vS9x/oIyhLP5PR1H+phQAHu5Q==",
      "requires": {
        "once": "^1.4.0"
      }
    },
    "event-target-shim": {
      "version": "5.0.1",
      "resolved": "https://registry.npmjs.org/event-target-shim/-/event-target-shim-5.0.1.tgz",
      "integrity": "sha512-i/2XbnSz/uxRCU6+NdVJgKWDTM427+MqYbkQzD321DuCQJUqOuJKIA0IM2+W2xtYHdKOmZ4dR6fExsd4SXL+WQ=="
    },
    "flat": {
      "version": "5.0.0",
      "resolved": "https://registry.npmjs.org/flat/-/flat-5.0.0.tgz",
      "integrity": "sha512-6KSMM+cHHzXC/hpldXApL2S8Uz+QZv+tq5o/L0KQYleoG+GcwrnIJhTWC7tCOiKQp8D/fIvryINU1OZCCwevjA==",
      "requires": {
        "is-buffer": "~2.0.4"
      }
    },
    "get-stream": {
      "version": "5.1.0",
      "resolved": "https://registry.npmjs.org/get-stream/-/get-stream-5.1.0.tgz",
      "integrity": "sha512-EXr1FOzrzTfGeL0gQdeFEvOMm2mzMOglyiOXSTpPC+iAjAKftbr3jpCMWynogwYnM+eSj9sHGc6wjIcDvYiygw==",
      "requires": {
        "pump": "^3.0.0"
      }
    },
    "got": {
      "version": "11.1.4",
      "resolved": "https://registry.npmjs.org/got/-/got-11.1.4.tgz",
      "integrity": "sha512-z94KIXHhFSpJONuY6C6w1wC+igE7P1d0b5h3H2CvrOXn0/tum/OgFblIGUAxI5PBXukGLvKb9MJXVHW8vsYaBA==",
      "requires": {
        "@sindresorhus/is": "^2.1.1",
        "@szmarczak/http-timer": "^4.0.5",
        "@types/cacheable-request": "^6.0.1",
        "@types/responselike": "^1.0.0",
        "cacheable-lookup": "^5.0.3",
        "cacheable-request": "^7.0.1",
        "decompress-response": "^6.0.0",
        "get-stream": "^5.1.0",
        "http2-wrapper": "^1.0.0-beta.4.5",
        "lowercase-keys": "^2.0.0",
        "p-cancelable": "^2.0.0",
        "responselike": "^2.0.0"
      }
    },
    "http-cache-semantics": {
      "version": "4.1.0",
      "resolved": "https://registry.npmjs.org/http-cache-semantics/-/http-cache-semantics-4.1.0.tgz",
      "integrity": "sha512-carPklcUh7ROWRK7Cv27RPtdhYhUsela/ue5/jKzjegVvXDqM2ILE9Q2BGn9JZJh1g87cp56su/FgQSzcWS8cQ=="
    },
    "http2-wrapper": {
      "version": "1.0.0-beta.4.6",
      "resolved": "https://registry.npmjs.org/http2-wrapper/-/http2-wrapper-1.0.0-beta.4.6.tgz",
      "integrity": "sha512-9oB4BiGDTI1FmIBlOF9OJ5hwJvcBEmPCqk/hy314Uhy2uq5TjekUZM8w8SPLLlUEM+mxNhXdPAXfrJN2Zbb/GQ==",
      "requires": {
        "quick-lru": "^5.0.0",
        "resolve-alpn": "^1.0.0"
      }
    },
    "ip-regex": {
      "version": "4.1.0",
      "resolved": "https://registry.npmjs.org/ip-regex/-/ip-regex-4.1.0.tgz",
      "integrity": "sha512-pKnZpbgCTfH/1NLIlOduP/V+WRXzC2MOz3Qo8xmxk8C5GudJLgK5QyLVXOSWy3ParAH7Eemurl3xjv/WXYFvMA=="
    },
    "is-buffer": {
      "version": "2.0.4",
      "resolved": "https://registry.npmjs.org/is-buffer/-/is-buffer-2.0.4.tgz",
      "integrity": "sha512-Kq1rokWXOPXWuaMAqZiJW4XxsmD9zGx9q4aePabbn3qCRGedtH7Cm+zV8WETitMfu1wdh+Rvd6w5egwSngUX2A=="
    },
    "is-localhost-url": {
      "version": "1.0.3",
      "resolved": "https://registry.npmjs.org/is-localhost-url/-/is-localhost-url-1.0.3.tgz",
      "integrity": "sha512-V/chB9GBHg3YsHRWxwppphjUHK1p19Wy3M5gx1VWB9SAJUibsEwXWJOhEYSl4oTYR5B38ZhitdgTQdHxw/hZvw=="
    },
    "is-url-http": {
      "version": "2.1.2",
      "resolved": "https://registry.npmjs.org/is-url-http/-/is-url-http-2.1.2.tgz",
      "integrity": "sha512-zlY+MJJshkCThCWw9IA+AMJf79w+O+/BRo/0XhSR3a8dKSOK3Y9nQx2yDEK+NaMpV2rxkxU4d6W6KiycFGXUDw==",
      "requires": {
        "url-regex": "~5.0.0"
      }
    },
    "json-buffer": {
      "version": "3.0.1",
      "resolved": "https://registry.npmjs.org/json-buffer/-/json-buffer-3.0.1.tgz",
      "integrity": "sha512-4bV5BfR2mqfQTJm+V5tPPdf+ZpuhiIvTuAB5g8kcrXOZpTT/QwwVRWBywX1ozr6lEuPdbHxwaJlm9G6mI2sfSQ=="
    },
    "keyv": {
      "version": "4.0.1",
      "resolved": "https://registry.npmjs.org/keyv/-/keyv-4.0.1.tgz",
      "integrity": "sha512-xz6Jv6oNkbhrFCvCP7HQa8AaII8y8LRpoSm661NOKLr4uHuBwhX4epXrPQgF3+xdJnN4Esm5X0xwY4bOlALOtw==",
      "requires": {
        "json-buffer": "3.0.1"
      }
    },
    "ky": {
      "version": "0.20.0",
      "resolved": "https://registry.npmjs.org/ky/-/ky-0.20.0.tgz",
      "integrity": "sha512-JAfwtwj+t7WqRus88PfBj25aAjRQUgMhk7aB2ufjQ6v8faoNwMy02mfSQ0iNXWCbJGcSl2JZ5ckaiywRjbq0Uw=="
    },
    "ky-universal": {
      "version": "0.6.0",
      "resolved": "https://registry.npmjs.org/ky-universal/-/ky-universal-0.6.0.tgz",
      "integrity": "sha512-GvKOzAO5Ec4LiI2jCYRib/7FJwirI3xUFcxUQi9SY3kPZflLY8N289UlsYekwg7gtiLPeU1abYnTFA9N6IO9ig==",
      "requires": {
        "abort-controller": "^3.0.0",
        "node-fetch": "^2.6.0"
      }
    },
    "lowercase-keys": {
      "version": "2.0.0",
      "resolved": "https://registry.npmjs.org/lowercase-keys/-/lowercase-keys-2.0.0.tgz",
      "integrity": "sha512-tqNXrS78oMOE73NMxK4EMLQsQowWf8jKooH9g7xPavRT706R6bkQJ6DY2Te7QukaZsulxa30wQ7bk0pm4XiHmA=="
    },
    "mimic-fn": {
      "version": "3.0.0",
      "resolved": "https://registry.npmjs.org/mimic-fn/-/mimic-fn-3.0.0.tgz",
      "integrity": "sha512-PiVO95TKvhiwgSwg1IdLYlCTdul38yZxZMIcnDSFIBUm4BNZha2qpQ4GpJ++15bHoKDtrW2D69lMfFwdFYtNZQ=="
    },
    "mimic-response": {
      "version": "1.0.1",
      "resolved": "https://registry.npmjs.org/mimic-response/-/mimic-response-1.0.1.tgz",
      "integrity": "sha512-j5EctnkH7amfV/q5Hgmoal1g2QHFJRraOtmx0JpIqkxhBhI/lJSl1nMpQ45hVarwNETOoWEimndZ4QK0RHxuxQ=="
    },
    "nanoclamp": {
      "version": "1.3.3",
      "resolved": "https://registry.npmjs.org/nanoclamp/-/nanoclamp-1.3.3.tgz",
      "integrity": "sha512-cHqFAbepYjwzpRrFDuUH3fzoXMuATmekmAZa8ki0bMAHBNTMz/q98qRMWv6xZIb39wRj/S71GhGRF5rpkqMRuA=="
    },
    "node-fetch": {
      "version": "2.6.0",
      "resolved": "https://registry.npmjs.org/node-fetch/-/node-fetch-2.6.0.tgz",
      "integrity": "sha512-8dG4H5ujfvFiqDmVu9fQ5bOHUC15JMjMY/Zumv26oOvvVJjM67KF8koCWIabKQ1GJIa9r2mMZscBq/TbdOcmNA=="
    },
    "normalize-url": {
      "version": "4.5.0",
      "resolved": "https://registry.npmjs.org/normalize-url/-/normalize-url-4.5.0.tgz",
      "integrity": "sha512-2s47yzUxdexf1OhyRi4Em83iQk0aPvwTddtFz4hnSSw9dCEsLEGf6SwIO8ss/19S9iBb5sJaOuTvTGDeZI00BQ=="
    },
    "once": {
      "version": "1.4.0",
      "resolved": "https://registry.npmjs.org/once/-/once-1.4.0.tgz",
      "integrity": "sha1-WDsap3WWHUsROsF9nFC6753Xa9E=",
      "requires": {
        "wrappy": "1"
      }
    },
    "p-cancelable": {
      "version": "2.0.0",
      "resolved": "https://registry.npmjs.org/p-cancelable/-/p-cancelable-2.0.0.tgz",
      "integrity": "sha512-wvPXDmbMmu2ksjkB4Z3nZWTSkJEb9lqVdMaCKpZUGJG9TMiNp9XcbG3fn9fPKjem04fJMJnXoyFPk2FmgiaiNg=="
    },
    "pump": {
      "version": "3.0.0",
      "resolved": "https://registry.npmjs.org/pump/-/pump-3.0.0.tgz",
      "integrity": "sha512-LwZy+p3SFs1Pytd/jYct4wpv49HiYCqd9Rlc5ZVdk0V+8Yzv6jR5Blk3TRmPL1ft69TxP0IMZGJ+WPFU2BFhww==",
      "requires": {
        "end-of-stream": "^1.1.0",
        "once": "^1.3.1"
      }
    },
    "qss": {
      "version": "2.0.3",
      "resolved": "https://registry.npmjs.org/qss/-/qss-2.0.3.tgz",
      "integrity": "sha512-j48ZBT5IZbSqJiSU8EX4XrN8nXiflHvmMvv2XpFc31gh7n6EpSs75bNr6+oj3FOLWyT8m09pTmqLNl34L7/uPQ=="
    },
    "quick-lru": {
      "version": "5.1.0",
      "resolved": "https://registry.npmjs.org/quick-lru/-/quick-lru-5.1.0.tgz",
      "integrity": "sha512-WjAKQ9ORzvqjLijJXiXWqc3Gcs1ivoxCj6KJmEjoWBE6OtHwuaDLSAUqGHALUiid7A1KqGqsSHZs8prxF5xxAQ=="
    },
    "react-emojione": {
      "version": "5.0.1",
      "resolved": "https://registry.npmjs.org/react-emojione/-/react-emojione-5.0.1.tgz",
      "integrity": "sha512-sjI6k8uQ14rWENYoAb+2BFQGLBt/cpLDJJNhnZvdFJytAJijhv+JmbmyyrfQPdyID0Cs4N8XFqnek0xq6POwGA=="
    },
    "resolve-alpn": {
      "version": "1.0.0",
      "resolved": "https://registry.npmjs.org/resolve-alpn/-/resolve-alpn-1.0.0.tgz",
      "integrity": "sha512-rTuiIEqFmGxne4IovivKSDzld2lWW9QCjqv80SYjPgf+gS35eaCAjaP54CCwGAwBtnCsvNLYtqxe1Nw+i6JEmA=="
    },
    "responselike": {
      "version": "2.0.0",
      "resolved": "https://registry.npmjs.org/responselike/-/responselike-2.0.0.tgz",
      "integrity": "sha512-xH48u3FTB9VsZw7R+vvgaKeLKzT6jOogbQhEe/jewwnZgzPcnyWui2Av6JpoYZF/91uueC+lqhWqeURw5/qhCw==",
      "requires": {
        "lowercase-keys": "^2.0.0"
      }
    },
    "tlds": {
      "version": "1.207.0",
      "resolved": "https://registry.npmjs.org/tlds/-/tlds-1.207.0.tgz",
      "integrity": "sha512-k7d7Q1LqjtAvhtEOs3yN14EabsNO8ZCoY6RESSJDB9lst3bTx3as/m1UuAeCKzYxiyhR1qq72ZPhpSf+qlqiwg=="
    },
    "url-regex": {
      "version": "5.0.0",
      "resolved": "https://registry.npmjs.org/url-regex/-/url-regex-5.0.0.tgz",
      "integrity": "sha512-O08GjTiAFNsSlrUWfqF1jH0H1W3m35ZyadHrGv5krdnmPPoxP27oDTqux/579PtaroiSGm5yma6KT1mHFH6Y/g==",
      "requires": {
        "ip-regex": "^4.1.0",
        "tlds": "^1.203.0"
      }
    },
    "whoops": {
      "version": "4.1.0",
      "resolved": "https://registry.npmjs.org/whoops/-/whoops-4.1.0.tgz",
      "integrity": "sha512-42soctqvFs9FaU1r4ZadCy2F6A9dUc4SN3ud+tbDEdmyZDTeYBgKKqtIdo6NiQlnZnJegWRCyKLk2edYH9DsHA==",
      "requires": {
        "clean-stack": "~2.2.0",
        "mimic-fn": "~3.0.0"
      }
    },
    "wrappy": {
      "version": "1.0.2",
      "resolved": "https://registry.npmjs.org/wrappy/-/wrappy-1.0.2.tgz",
      "integrity": "sha1-tSQ9jz7BqjXxNkYFvA0QNuMKtp8="
    }
  }
}
